Microsoft Visual Studio Solution File, Format Version 12.00
# Visual Studio Version 17
VisualStudioVersion = 17.5.2.0
MinimumVisualStudioVersion = 10.0.40219.1
Project("{FAE04EC0-301F-11D3-BF4B-00C04F79EFBC}") = "ConcordIO.Tool", "ConcordIO.Tool.csproj", "{4E5198FC-35BC-D16F-82B3-5CAEB5C18EAF}"
EndProject
Global
	GlobalSection(SolutionConfigurationPlatforms) = preSolution
		Debug|Any CPU = Debug|Any CPU
		Release|Any CPU = Release|Any CPU
	EndGlobalSection
	GlobalSection(ProjectConfigurationPlatforms) = postSolution
		{4E5198FC-35BC-D16F-82B3-5CAEB5C18EAF}.Debug|Any CPU.ActiveCfg = Debug|Any CPU
		{4E5198FC-35BC-D16F-82B3-5CAEB5C18EAF}.Debug|Any CPU.Build.0 = Debug|Any CPU
		{4E5198FC-35BC-D16F-82B3-5CAEB5C18EAF}.Release|Any CPU.ActiveCfg = Release|Any CPU
		{4E5198FC-35BC-D16F-82B3-5CAEB5C18EAF}.Release|Any CPU.Build.0 = Release|Any CPU
	EndGlobalSection
	GlobalSection(SolutionProperties) = preSolution
		HideSolutionNode = FALSE
	EndGlobalSection
	GlobalSection(ExtensibilityGlobals) = postSolution
		SolutionGuid = {427A2E17-A65A-4500-9FC4-BF1184E4CE0A}
	EndGlobalSection
EndGlobal
