
Microsoft Visual Studio Solution File, Format Version 12.00
# Visual Studio Version 18
VisualStudioVersion = 18.3.11415.281
MinimumVisualStudioVersion = 10.0.40219.1
Project("{FAE04EC0-301F-11D3-BF4B-00C04F79EFBC}") = "ConcordIO.Tool", "ConcordIO.Tool\ConcordIO.Tool.csproj", "{4E5198FC-35BC-D16F-82B3-5CAEB5C18EAF}"
EndProject
Project("{FAE04EC0-301F-11D3-BF4B-00C04F79EFBC}") = "ConcordIO.Tool.Tests", "ConcordIO.Tool.Tests\ConcordIO.Tool.Tests.csproj", "{D0CC872E-B22C-4325-9829-15A75F21527D}"
EndProject
Project("{FAE04EC0-301F-11D3-BF4B-00C04F79EFBC}") = "ConcordIO.AsyncApi", "ConcordIO.AsyncApi\ConcordIO.AsyncApi.csproj", "{27FD2AED-3422-49CF-AB5B-C3B6AC0B88E8}"
EndProject
Project("{FAE04EC0-301F-11D3-BF4B-00C04F79EFBC}") = "ConcordIO.AsyncApi.Server", "ConcordIO.AsyncApi.Server\ConcordIO.AsyncApi.Server.csproj", "{61E3DF55-CD32-4FD5-C1E0-83F1DB374391}"
EndProject
Project("{FAE04EC0-301F-11D3-BF4B-00C04F79EFBC}") = "ConcordIO.AsyncApi.Tests", "ConcordIO.AsyncApi.Tests\ConcordIO.AsyncApi.Tests.csproj", "{7C8A5F10-CBF6-4D7C-AD3F-F4B78208AA53}"
EndProject
Project("{FAE04EC0-301F-11D3-BF4B-00C04F79EFBC}") = "ConcordIO.AsyncApi.Client", "ConcordIO.AsyncApi.Client\ConcordIO.AsyncApi.Client.csproj", "{C9CAAFFB-4478-4059-991D-F35DBFF38027}"
EndProject
Global
	GlobalSection(SolutionConfigurationPlatforms) = preSolution
		Debug|Any CPU = Debug|Any CPU
		Debug|x64 = Debug|x64
		Debug|x86 = Debug|x86
		Release|Any CPU = Release|Any CPU
		Release|x64 = Release|x64
		Release|x86 = Release|x86
	EndGlobalSection
	GlobalSection(ProjectConfigurationPlatforms) = postSolution
		{4E5198FC-35BC-D16F-82B3-5CAEB5C18EAF}.Debug|Any CPU.ActiveCfg = Debug|Any CPU
		{4E5198FC-35BC-D16F-82B3-5CAEB5C18EAF}.Debug|Any CPU.Build.0 = Debug|Any CPU
		{4E5198FC-35BC-D16F-82B3-5CAEB5C18EAF}.Debug|x64.ActiveCfg = Debug|Any CPU
		{4E5198FC-35BC-D16F-82B3-5CAEB5C18EAF}.Debug|x64.Build.0 = Debug|Any CPU
		{4E5198FC-35BC-D16F-82B3-5CAEB5C18EAF}.Debug|x86.ActiveCfg = Debug|Any CPU
		{4E5198FC-35BC-D16F-82B3-5CAEB5C18EAF}.Debug|x86.Build.0 = Debug|Any CPU
		{4E5198FC-35BC-D16F-82B3-5CAEB5C18EAF}.Release|Any CPU.ActiveCfg = Release|Any CPU
		{4E5198FC-35BC-D16F-82B3-5CAEB5C18EAF}.Release|Any CPU.Build.0 = Release|Any CPU
		{4E5198FC-35BC-D16F-82B3-5CAEB5C18EAF}.Release|x64.ActiveCfg = Release|Any CPU
		{4E5198FC-35BC-D16F-82B3-5CAEB5C18EAF}.Release|x64.Build.0 = Release|Any CPU
		{4E5198FC-35BC-D16F-82B3-5CAEB5C18EAF}.Release|x86.ActiveCfg = Release|Any CPU
		{4E5198FC-35BC-D16F-82B3-5CAEB5C18EAF}.Release|x86.Build.0 = Release|Any CPU
		{D0CC872E-B22C-4325-9829-15A75F21527D}.Debug|Any CPU.ActiveCfg = Debug|Any CPU
		{D0CC872E-B22C-4325-9829-15A75F21527D}.Debug|Any CPU.Build.0 = Debug|Any CPU
		{D0CC872E-B22C-4325-9829-15A75F21527D}.Debug|x64.ActiveCfg = Debug|Any CPU
		{D0CC872E-B22C-4325-9829-15A75F21527D}.Debug|x64.Build.0 = Debug|Any CPU
		{D0CC872E-B22C-4325-9829-15A75F21527D}.Debug|x86.ActiveCfg = Debug|Any CPU
		{D0CC872E-B22C-4325-9829-15A75F21527D}.Debug|x86.Build.0 = Debug|Any CPU
		{D0CC872E-B22C-4325-9829-15A75F21527D}.Release|Any CPU.ActiveCfg = Release|Any CPU
		{D0CC872E-B22C-4325-9829-15A75F21527D}.Release|Any CPU.Build.0 = Release|Any CPU
		{D0CC872E-B22C-4325-9829-15A75F21527D}.Release|x64.ActiveCfg = Release|Any CPU
		{D0CC872E-B22C-4325-9829-15A75F21527D}.Release|x64.Build.0 = Release|Any CPU
		{D0CC872E-B22C-4325-9829-15A75F21527D}.Release|x86.ActiveCfg = Release|Any CPU
		{D0CC872E-B22C-4325-9829-15A75F21527D}.Release|x86.Build.0 = Release|Any CPU
		{27FD2AED-3422-49CF-AB5B-C3B6AC0B88E8}.Debug|Any CPU.ActiveCfg = Debug|Any CPU
		{27FD2AED-3422-49CF-AB5B-C3B6AC0B88E8}.Debug|Any CPU.Build.0 = Debug|Any CPU
		{27FD2AED-3422-49CF-AB5B-C3B6AC0B88E8}.Debug|x64.ActiveCfg = Debug|Any CPU
		{27FD2AED-3422-49CF-AB5B-C3B6AC0B88E8}.Debug|x64.Build.0 = Debug|Any CPU
		{27FD2AED-3422-49CF-AB5B-C3B6AC0B88E8}.Debug|x86.ActiveCfg = Debug|Any CPU
		{27FD2AED-3422-49CF-AB5B-C3B6AC0B88E8}.Debug|x86.Build.0 = Debug|Any CPU
		{27FD2AED-3422-49CF-AB5B-C3B6AC0B88E8}.Release|Any CPU.ActiveCfg = Release|Any CPU
		{27FD2AED-3422-49CF-AB5B-C3B6AC0B88E8}.Release|Any CPU.Build.0 = Release|Any CPU
		{27FD2AED-3422-49CF-AB5B-C3B6AC0B88E8}.Release|x64.ActiveCfg = Release|Any CPU
		{27FD2AED-3422-49CF-AB5B-C3B6AC0B88E8}.Release|x64.Build.0 = Release|Any CPU
		{27FD2AED-3422-49CF-AB5B-C3B6AC0B88E8}.Release|x86.ActiveCfg = Release|Any CPU
		{27FD2AED-3422-49CF-AB5B-C3B6AC0B88E8}.Release|x86.Build.0 = Release|Any CPU
		{61E3DF55-CD32-4FD5-C1E0-83F1DB374391}.Debug|Any CPU.ActiveCfg = Debug|Any CPU
		{61E3DF55-CD32-4FD5-C1E0-83F1DB374391}.Debug|Any CPU.Build.0 = Debug|Any CPU
		{61E3DF55-CD32-4FD5-C1E0-83F1DB374391}.Debug|x64.ActiveCfg = Debug|Any CPU
		{61E3DF55-CD32-4FD5-C1E0-83F1DB374391}.Debug|x64.Build.0 = Debug|Any CPU
		{61E3DF55-CD32-4FD5-C1E0-83F1DB374391}.Debug|x86.ActiveCfg = Debug|Any CPU
		{61E3DF55-CD32-4FD5-C1E0-83F1DB374391}.Debug|x86.Build.0 = Debug|Any CPU
		{61E3DF55-CD32-4FD5-C1E0-83F1DB374391}.Release|Any CPU.ActiveCfg = Release|Any CPU
		{61E3DF55-CD32-4FD5-C1E0-83F1DB374391}.Release|Any CPU.Build.0 = Release|Any CPU
		{61E3DF55-CD32-4FD5-C1E0-83F1DB374391}.Release|x64.ActiveCfg = Release|Any CPU
		{61E3DF55-CD32-4FD5-C1E0-83F1DB374391}.Release|x64.Build.0 = Release|Any CPU
		{61E3DF55-CD32-4FD5-C1E0-83F1DB374391}.Release|x86.ActiveCfg = Release|Any CPU
		{61E3DF55-CD32-4FD5-C1E0-83F1DB374391}.Release|x86.Build.0 = Release|Any CPU
		{7C8A5F10-CBF6-4D7C-AD3F-F4B78208AA53}.Debug|Any CPU.ActiveCfg = Debug|Any CPU
		{7C8A5F10-CBF6-4D7C-AD3F-F4B78208AA53}.Debug|Any CPU.Build.0 = Debug|Any CPU
		{7C8A5F10-CBF6-4D7C-AD3F-F4B78208AA53}.Debug|x64.ActiveCfg = Debug|Any CPU
		{7C8A5F10-CBF6-4D7C-AD3F-F4B78208AA53}.Debug|x64.Build.0 = Debug|Any CPU
		{7C8A5F10-CBF6-4D7C-AD3F-F4B78208AA53}.Debug|x86.ActiveCfg = Debug|Any CPU
		{7C8A5F10-CBF6-4D7C-AD3F-F4B78208AA53}.Debug|x86.Build.0 = Debug|Any CPU
		{7C8A5F10-CBF6-4D7C-AD3F-F4B78208AA53}.Release|Any CPU.ActiveCfg = Release|Any CPU
		{7C8A5F10-CBF6-4D7C-AD3F-F4B78208AA53}.Release|Any CPU.Build.0 = Release|Any CPU
		{7C8A5F10-CBF6-4D7C-AD3F-F4B78208AA53}.Release|x64.ActiveCfg = Release|Any CPU
		{7C8A5F10-CBF6-4D7C-AD3F-F4B78208AA53}.Release|x64.Build.0 = Release|Any CPU
		{7C8A5F10-CBF6-4D7C-AD3F-F4B78208AA53}.Release|x86.ActiveCfg = Release|Any CPU
		{7C8A5F10-CBF6-4D7C-AD3F-F4B78208AA53}.Release|x86.Build.0 = Release|Any CPU
		{C9CAAFFB-4478-4059-991D-F35DBFF38027}.Debug|Any CPU.ActiveCfg = Debug|Any CPU
		{C9CAAFFB-4478-4059-991D-F35DBFF38027}.Debug|Any CPU.Build.0 = Debug|Any CPU
		{C9CAAFFB-4478-4059-991D-F35DBFF38027}.Debug|x64.ActiveCfg = Debug|Any CPU
		{C9CAAFFB-4478-4059-991D-F35DBFF38027}.Debug|x64.Build.0 = Debug|Any CPU
		{C9CAAFFB-4478-4059-991D-F35DBFF38027}.Debug|x86.ActiveCfg = Debug|Any CPU
		{C9CAAFFB-4478-4059-991D-F35DBFF38027}.Debug|x86.Build.0 = Debug|Any CPU
		{C9CAAFFB-4478-4059-991D-F35DBFF38027}.Release|Any CPU.ActiveCfg = Release|Any CPU
		{C9CAAFFB-4478-4059-991D-F35DBFF38027}.Release|Any CPU.Build.0 = Release|Any CPU
		{C9CAAFFB-4478-4059-991D-F35DBFF38027}.Release|x64.ActiveCfg = Release|Any CPU
		{C9CAAFFB-4478-4059-991D-F35DBFF38027}.Release|x64.Build.0 = Release|Any CPU
		{C9CAAFFB-4478-4059-991D-F35DBFF38027}.Release|x86.ActiveCfg = Release|Any CPU
		{C9CAAFFB-4478-4059-991D-F35DBFF38027}.Release|x86.Build.0 = Release|Any CPU
	EndGlobalSection
	GlobalSection(SolutionProperties) = preSolution
		HideSolutionNode = FALSE
	EndGlobalSection
	GlobalSection(ExtensibilityGlobals) = postSolution
		SolutionGuid = {427A2E17-A65A-4500-9FC4-BF1184E4CE0A}
	EndGlobalSection
EndGlobal
